
Microsoft Visual Studio Solution File, Format Version 12.00
# Visual Studio 2012
Project("{2150E333-8FDC-42A3-9474-1A3956D46DE8}") = "Infrastructures", "Infrastructures", "{5047635A-DBAA-45D1-8618-C8DCF71E7B5D}"
EndProject
Project("{2150E333-8FDC-42A3-9474-1A3956D46DE8}") = "Domains", "Domains", "{9AA2491C-20FF-49D8-AE83-4DCAEFF46C73}"
EndProject
Project("{FAE04EC0-301F-11D3-BF4B-00C04F79EFBC}") = "App.Common", "App.Common\App.Common.csproj", "{2364582A-A9B6-49DE-92A1-50504326EADA}"
EndProject
Project("{FAE04EC0-301F-11D3-BF4B-00C04F79EFBC}") = "App.Core", "App.Core\App.Core.csproj", "{B03E4A0B-939A-4CDF-842D-91ABCB974506}"
EndProject
Project("{FAE04EC0-301F-11D3-BF4B-00C04F79EFBC}") = "App.Data", "App.Data\App.Data.csproj", "{A7977187-9039-49C2-8EE2-CC564609008C}"
EndProject
Project("{FAE04EC0-301F-11D3-BF4B-00C04F79EFBC}") = "App.Domain", "App.Domain\App.Domain.csproj", "{1FF79848-B739-4C13-BE7B-9F111307AA44}"
EndProject
Project("{2150E333-8FDC-42A3-9474-1A3956D46DE8}") = "Web", "Web", "{2CA4911C-F749-4B09-85E7-C71420797CCA}"
EndProject
Project("{FAE04EC0-301F-11D3-BF4B-00C04F79EFBC}") = "Web", "Web\Web.csproj", "{ACFE8C10-D69E-4534-ACA2-2815266EABE9}"
EndProject
Global
	GlobalSection(SolutionConfigurationPlatforms) = preSolution
		Debug|Any CPU = Debug|Any CPU
		Release|Any CPU = Release|Any CPU
	EndGlobalSection
	GlobalSection(ProjectConfigurationPlatforms) = postSolution
		{2364582A-A9B6-49DE-92A1-50504326EADA}.Debug|Any CPU.ActiveCfg = Debug|Any CPU
		{2364582A-A9B6-49DE-92A1-50504326EADA}.Debug|Any CPU.Build.0 = Debug|Any CPU
		{2364582A-A9B6-49DE-92A1-50504326EADA}.Release|Any CPU.ActiveCfg = Release|Any CPU
		{2364582A-A9B6-49DE-92A1-50504326EADA}.Release|Any CPU.Build.0 = Release|Any CPU
		{B03E4A0B-939A-4CDF-842D-91ABCB974506}.Debug|Any CPU.ActiveCfg = Debug|Any CPU
		{B03E4A0B-939A-4CDF-842D-91ABCB974506}.Debug|Any CPU.Build.0 = Debug|Any CPU
		{B03E4A0B-939A-4CDF-842D-91ABCB974506}.Release|Any CPU.ActiveCfg = Release|Any CPU
		{B03E4A0B-939A-4CDF-842D-91ABCB974506}.Release|Any CPU.Build.0 = Release|Any CPU
		{A7977187-9039-49C2-8EE2-CC564609008C}.Debug|Any CPU.ActiveCfg = Debug|Any CPU
		{A7977187-9039-49C2-8EE2-CC564609008C}.Debug|Any CPU.Build.0 = Debug|Any CPU
		{A7977187-9039-49C2-8EE2-CC564609008C}.Release|Any CPU.ActiveCfg = Release|Any CPU
		{A7977187-9039-49C2-8EE2-CC564609008C}.Release|Any CPU.Build.0 = Release|Any CPU
		{1FF79848-B739-4C13-BE7B-9F111307AA44}.Debug|Any CPU.ActiveCfg = Debug|Any CPU
		{1FF79848-B739-4C13-BE7B-9F111307AA44}.Debug|Any CPU.Build.0 = Debug|Any CPU
		{1FF79848-B739-4C13-BE7B-9F111307AA44}.Release|Any CPU.ActiveCfg = Release|Any CPU
		{1FF79848-B739-4C13-BE7B-9F111307AA44}.Release|Any CPU.Build.0 = Release|Any CPU
		{ACFE8C10-D69E-4534-ACA2-2815266EABE9}.Debug|Any CPU.ActiveCfg = Debug|Any CPU
		{ACFE8C10-D69E-4534-ACA2-2815266EABE9}.Debug|Any CPU.Build.0 = Debug|Any CPU
		{ACFE8C10-D69E-4534-ACA2-2815266EABE9}.Release|Any CPU.ActiveCfg = Release|Any CPU
		{ACFE8C10-D69E-4534-ACA2-2815266EABE9}.Release|Any CPU.Build.0 = Release|Any CPU
	EndGlobalSection
	GlobalSection(SolutionProperties) = preSolution
		HideSolutionNode = FALSE
	EndGlobalSection
	GlobalSection(NestedProjects) = preSolution
		{2364582A-A9B6-49DE-92A1-50504326EADA} = {5047635A-DBAA-45D1-8618-C8DCF71E7B5D}
		{B03E4A0B-939A-4CDF-842D-91ABCB974506} = {5047635A-DBAA-45D1-8618-C8DCF71E7B5D}
		{A7977187-9039-49C2-8EE2-CC564609008C} = {5047635A-DBAA-45D1-8618-C8DCF71E7B5D}
		{1FF79848-B739-4C13-BE7B-9F111307AA44} = {9AA2491C-20FF-49D8-AE83-4DCAEFF46C73}
		{ACFE8C10-D69E-4534-ACA2-2815266EABE9} = {2CA4911C-F749-4B09-85E7-C71420797CCA}
	EndGlobalSection
EndGlobal
